
Microsoft Visual Studio Solution File, Format Version 12.00
# Visual Studio Version 16
VisualStudioVersion = 16.0.30907.101
MinimumVisualStudioVersion = 10.0.40219.1
Project("{FAE04EC0-301F-11D3-BF4B-00C04F79EFBC}") = "Sample.QA.Selenium.IoC", "Sample.QA.Selenium.IoC\Sample.QA.Selenium.IoC.csproj", "{756F7B09-8FF9-4D52-9B96-4505E2F28FCF}"
EndProject
Project("{FAE04EC0-301F-11D3-BF4B-00C04F79EFBC}") = "Sample.QA.Selenium.GoogleTest", "Sample.QA.Selenium.GoogleTest\Sample.QA.Selenium.GoogleTest.csproj", "{FE132156-6CED-46DF-A6B7-C0983AF2E2AB}"
EndProject
Global
	GlobalSection(SolutionConfigurationPlatforms) = preSolution
		Debug|Any CPU = Debug|Any CPU
		Release|Any CPU = Release|Any CPU
	EndGlobalSection
	GlobalSection(ProjectConfigurationPlatforms) = postSolution
		{756F7B09-8FF9-4D52-9B96-4505E2F28FCF}.Debug|Any CPU.ActiveCfg = Debug|Any CPU
		{756F7B09-8FF9-4D52-9B96-4505E2F28FCF}.Debug|Any CPU.Build.0 = Debug|Any CPU
		{756F7B09-8FF9-4D52-9B96-4505E2F28FCF}.Release|Any CPU.ActiveCfg = Release|Any CPU
		{756F7B09-8FF9-4D52-9B96-4505E2F28FCF}.Release|Any CPU.Build.0 = Release|Any CPU
		{FE132156-6CED-46DF-A6B7-C0983AF2E2AB}.Debug|Any CPU.ActiveCfg = Debug|Any CPU
		{FE132156-6CED-46DF-A6B7-C0983AF2E2AB}.Debug|Any CPU.Build.0 = Debug|Any CPU
		{FE132156-6CED-46DF-A6B7-C0983AF2E2AB}.Release|Any CPU.ActiveCfg = Release|Any CPU
		{FE132156-6CED-46DF-A6B7-C0983AF2E2AB}.Release|Any CPU.Build.0 = Release|Any CPU
	EndGlobalSection
	GlobalSection(SolutionProperties) = preSolution
		HideSolutionNode = FALSE
	EndGlobalSection
	GlobalSection(ExtensibilityGlobals) = postSolution
		SolutionGuid = {827B49CD-FB29-4F55-8FAA-3AFB7BF7AFAA}
	EndGlobalSection
EndGlobal
